
Microsoft Visual Studio Solution File, Format Version 12.00
# Visual Studio Version 17
VisualStudioVersion = 17.8.34330.188
MinimumVisualStudioVersion = 10.0.40219.1
Project("{9A19103F-16F7-4668-BE54-9A1E7A4F7556}") = "Server", "Server\Server.csproj", "{056D651F-6D07-4C89-8E7C-5719C454843E}"
EndProject
Project("{9A19103F-16F7-4668-BE54-9A1E7A4F7556}") = "ConsoleApplication", "ConsoleApplication\ConsoleApplication.csproj", "{5404272C-61A9-4267-B0A6-8B8F235A932E}"
EndProject
Project("{FAE04EC0-301F-11D3-BF4B-00C04F79EFBC}") = "MVC", "MVC\MVC.csproj", "{16221AB5-BEF9-4EC2-8EA7-6461665EB7E1}"
EndProject
Global
	GlobalSection(SolutionConfigurationPlatforms) = preSolution
		Debug|Any CPU = Debug|Any CPU
		Release|Any CPU = Release|Any CPU
	EndGlobalSection
	GlobalSection(ProjectConfigurationPlatforms) = postSolution
		{056D651F-6D07-4C89-8E7C-5719C454843E}.Debug|Any CPU.ActiveCfg = Debug|Any CPU
		{056D651F-6D07-4C89-8E7C-5719C454843E}.Debug|Any CPU.Build.0 = Debug|Any CPU
		{056D651F-6D07-4C89-8E7C-5719C454843E}.Release|Any CPU.ActiveCfg = Release|Any CPU
		{056D651F-6D07-4C89-8E7C-5719C454843E}.Release|Any CPU.Build.0 = Release|Any CPU
		{5404272C-61A9-4267-B0A6-8B8F235A932E}.Debug|Any CPU.ActiveCfg = Debug|Any CPU
		{5404272C-61A9-4267-B0A6-8B8F235A932E}.Debug|Any CPU.Build.0 = Debug|Any CPU
		{5404272C-61A9-4267-B0A6-8B8F235A932E}.Release|Any CPU.ActiveCfg = Release|Any CPU
		{5404272C-61A9-4267-B0A6-8B8F235A932E}.Release|Any CPU.Build.0 = Release|Any CPU
		{16221AB5-BEF9-4EC2-8EA7-6461665EB7E1}.Debug|Any CPU.ActiveCfg = Debug|Any CPU
		{16221AB5-BEF9-4EC2-8EA7-6461665EB7E1}.Debug|Any CPU.Build.0 = Debug|Any CPU
		{16221AB5-BEF9-4EC2-8EA7-6461665EB7E1}.Release|Any CPU.ActiveCfg = Release|Any CPU
		{16221AB5-BEF9-4EC2-8EA7-6461665EB7E1}.Release|Any CPU.Build.0 = Release|Any CPU
	EndGlobalSection
	GlobalSection(SolutionProperties) = preSolution
		HideSolutionNode = FALSE
	EndGlobalSection
	GlobalSection(ExtensibilityGlobals) = postSolution
		SolutionGuid = {9097774E-5F3A-4845-AEE2-E083B2504AB6}
	EndGlobalSection
EndGlobal
